
Microsoft Visual Studio Solution File, Format Version 12.00
# Visual Studio Version 16
VisualStudioVersion = 16.0.31129.286
MinimumVisualStudioVersion = 10.0.40219.1
Project("{9A19103F-16F7-4668-BE54-9A1E7A4F7556}") = "DingTalkSdk", "DingTalkSdk.csproj", "{170A843C-482A-4A0E-9846-683CE883DF3E}"
EndProject
Global
	GlobalSection(SolutionConfigurationPlatforms) = preSolution
		Debug|Any CPU = Debug|Any CPU
		Release|Any CPU = Release|Any CPU
	EndGlobalSection
	GlobalSection(ProjectConfigurationPlatforms) = postSolution
		{170A843C-482A-4A0E-9846-683CE883DF3E}.Debug|Any CPU.ActiveCfg = Debug|Any CPU
		{170A843C-482A-4A0E-9846-683CE883DF3E}.Debug|Any CPU.Build.0 = Debug|Any CPU
		{170A843C-482A-4A0E-9846-683CE883DF3E}.Release|Any CPU.ActiveCfg = Release|Any CPU
		{170A843C-482A-4A0E-9846-683CE883DF3E}.Release|Any CPU.Build.0 = Release|Any CPU
	EndGlobalSection
	GlobalSection(SolutionProperties) = preSolution
		HideSolutionNode = FALSE
	EndGlobalSection
	GlobalSection(ExtensibilityGlobals) = postSolution
		SolutionGuid = {60EB0CD7-7B1F-438D-AD7B-8CBFE07D77B0}
	EndGlobalSection
EndGlobal
